<?xml version="1.0" encoding="utf-8"?>
<Project ToolsVersion="4.0" xmlns="http://schemas.microsoft.com/developer/msbuild/2003">
  <ItemGroup>
    <ClCompile Include="All.cxx" />
    <ClCompile Include="..\..\Core\Error.cxx">
      <Filter>Core</Filter>
    </ClCompile>
    <ClCompile Include="..\..\Core\Trace.cxx">
      <Filter>Core</Filter>
    </ClCompile>
    <ClCompile Include="..\..\Core\Win32\Thread.cxx">
      <Filter>Core\Win32</Filter>
    </ClCompile>
  </ItemGroup>
  <ItemGroup>
    <ClInclude Include="..\..\Core\Empty.hxx">
      <Filter>Core</Filter>
    </ClInclude>
    <ClInclude Include="..\..\Core\Error.hxx">
      <Filter>Core</Filter>
    </ClInclude>
    <ClInclude Include="..\..\Core\Exception.hxx">
      <Filter>Core</Filter>
    </ClInclude>
    <ClInclude Include="..\..\Core\Futex.hxx">
      <Filter>Core</Filter>
    </ClInclude>
    <ClInclude Include="..\..\Core\IRefCounted.hxx">
      <Filter>Core</Filter>
    </ClInclude>
    <ClInclude Include="..\..\Core\Process.hxx">
      <Filter>Core</Filter>
    </ClInclude>
    <ClInclude Include="..\..\Core\Thread.hxx">
      <Filter>Core</Filter>
    </ClInclude>
    <ClInclude Include="..\..\Core\Trace.hxx">
      <Filter>Core</Filter>
    </ClInclude>
    <ClInclude Include="..\..\Util\IntrusiveList.hxx">
      <Filter>Util</Filter>
    </ClInclude>
    <ClInclude Include="..\..\Util\murmurhash.hxx">
      <Filter>Util</Filter>
    </ClInclude>
    <ClInclude Include="..\..\Util\Strings.hxx">
      <Filter>Util</Filter>
    </ClInclude>
    <ClInclude Include="..\..\Util\Timer.hxx">
      <Filter>Util</Filter>
    </ClInclude>
    <ClInclude Include="..\..\Core\Win32\Error.hxx">
      <Filter>Core\Win32</Filter>
    </ClInclude>
    <ClInclude Include="..\..\Core\Nt\Nt.hxx">
      <Filter>Core\Nt</Filter>
    </ClInclude>
    <ClInclude Include="..\..\Core\Nt\Error.hxx">
      <Filter>Core\Nt</Filter>
    </ClInclude>
    <ClInclude Include="..\..\Core\Win32\Handle.hxx">
      <Filter>Core\Win32</Filter>
    </ClInclude>
    <ClInclude Include="..\..\Core\Win32\Futex.hxx">
      <Filter>Core\Win32</Filter>
    </ClInclude>
    <ClInclude Include="..\..\Core\Win32\Event.hxx">
      <Filter>Core\Win32</Filter>
    </ClInclude>
    <ClInclude Include="..\..\Core\Win32\Thread.hxx">
      <Filter>Core\Win32</Filter>
    </ClInclude>
    <ClInclude Include="..\..\Core\Win32\Process.hxx">
      <Filter>Core\Win32</Filter>
    </ClInclude>
  </ItemGroup>
  <ItemGroup>
    <Filter Include="Core">
      <UniqueIdentifier>{9d53e3d7-bf35-409b-afe5-920a3e39b9fc}</UniqueIdentifier>
    </Filter>
    <Filter Include="Util">
      <UniqueIdentifier>{98587f83-e75e-407b-8b35-c4347e1bc067}</UniqueIdentifier>
    </Filter>
    <Filter Include="Core\Win32">
      <UniqueIdentifier>{485a479c-d516-467d-b8fb-8018841293ac}</UniqueIdentifier>
    </Filter>
    <Filter Include="Core\Nt">
      <UniqueIdentifier>{00673d1a-80a7-45c7-90d9-3d5075bc6bcf}</UniqueIdentifier>
    </Filter>
  </ItemGroup>
  <ItemGroup>
    <None Include="..\..\Core\ntstatus.inl">
      <Filter>Core\Nt</Filter>
    </None>
  </ItemGroup>
</Project>